
Microsoft Visual Studio Solution File, Format Version 12.00
# Visual Studio Version 16
VisualStudioVersion = 16.0.29424.173
MinimumVisualStudioVersion = 10.0.40219.1
Project("{FAE04EC0-301F-11D3-BF4B-00C04F79EFBC}") = "MKUltra", "MKUltra\MKUltra.csproj", "{ADFCD0CF-EB8B-4D41-8DC6-5D3CE032CBA3}"
EndProject
Global
	GlobalSection(SolutionConfigurationPlatforms) = preSolution
		Debug|Any CPU = Debug|Any CPU
		Release|Any CPU = Release|Any CPU
	EndGlobalSection
	GlobalSection(ProjectConfigurationPlatforms) = postSolution
		{ADFCD0CF-EB8B-4D41-8DC6-5D3CE032CBA3}.Debug|Any CPU.ActiveCfg = Debug|Any CPU
		{ADFCD0CF-EB8B-4D41-8DC6-5D3CE032CBA3}.Debug|Any CPU.Build.0 = Debug|Any CPU
		{ADFCD0CF-EB8B-4D41-8DC6-5D3CE032CBA3}.Release|Any CPU.ActiveCfg = Release|Any CPU
		{ADFCD0CF-EB8B-4D41-8DC6-5D3CE032CBA3}.Release|Any CPU.Build.0 = Release|Any CPU
	EndGlobalSection
	GlobalSection(SolutionProperties) = preSolution
		HideSolutionNode = FALSE
	EndGlobalSection
	GlobalSection(ExtensibilityGlobals) = postSolution
		SolutionGuid = {D55DF6D3-6BDE-4A7E-9BD8-D801A0DB821D}
	EndGlobalSection
EndGlobal
